PODS:
  - StarMgsIO (1.0.1)

DEPENDENCIES:
  - StarMgsIO (= 1.0.1)

SPEC REPOS:
  "git@192.168.32.36:software_package_manager/cocoapods_specs_private.git":
    - StarMgsIO

SPEC CHECKSUMS:
  StarMgsIO: 456cd2a412b74fb32f5e2fda1e0a9fa03d3e6e15

PODFILE CHECKSUM: c05271a8f618de6c9b082a9fcfd21f519d28e35f

COCOAPODS: 1.8.4
